
Microsoft Visual Studio Solution File, Format Version 12.00
# Visual Studio Version 16
VisualStudioVersion = 16.0.29728.190
MinimumVisualStudioVersion = 10.0.40219.1
Project("{FAE04EC0-301F-11D3-BF4B-00C04F79EFBC}") = "Nuget", "Nuget\Nuget.csproj", "{3255AD42-8D40-4DBF-9CA0-804AD5496159}"
EndProject
Global
	GlobalSection(SolutionConfigurationPlatforms) = preSolution
		Debug|Any CPU = Debug|Any CPU
		Release|Any CPU = Release|Any CPU
	EndGlobalSection
	GlobalSection(ProjectConfigurationPlatforms) = postSolution
		{3255AD42-8D40-4DBF-9CA0-804AD5496159}.Debug|Any CPU.ActiveCfg = Debug|Any CPU
		{3255AD42-8D40-4DBF-9CA0-804AD5496159}.Debug|Any CPU.Build.0 = Debug|Any CPU
		{3255AD42-8D40-4DBF-9CA0-804AD5496159}.Release|Any CPU.ActiveCfg = Release|Any CPU
		{3255AD42-8D40-4DBF-9CA0-804AD5496159}.Release|Any CPU.Build.0 = Release|Any CPU
	EndGlobalSection
	GlobalSection(SolutionProperties) = preSolution
		HideSolutionNode = FALSE
	EndGlobalSection
	GlobalSection(ExtensibilityGlobals) = postSolution
		SolutionGuid = {AB8A9C94-57C7-4F6E-805B-01891C331394}
	EndGlobalSection
EndGlobal
